
Microsoft Visual Studio Solution File, Format Version 12.00
# Visual Studio Version 17
VisualStudioVersion = 17.5.33516.290
MinimumVisualStudioVersion = 10.0.40219.1
Project("{2150E333-8FDC-42A3-9474-1A3956D46DE8}") = "src", "src", "{8FC84021-FEA9-42BB-BB18-E8A2638A311C}"
EndProject
Project("{2150E333-8FDC-42A3-9474-1A3956D46DE8}") = "Presentation", "Presentation", "{7F7340E3-82EE-4709-84F1-42FFFB976668}"
EndProject
Project("{2150E333-8FDC-42A3-9474-1A3956D46DE8}") = "Infrastructure", "Infrastructure", "{74E2185A-60BC-4B74-92F0-A24BA358CCE1}"
EndProject
Project("{2150E333-8FDC-42A3-9474-1A3956D46DE8}") = "Core", "Core", "{D850C4F5-ACF4-4C53-80F9-4B9907E0D54B}"
EndProject
Project("{9A19103F-16F7-4668-BE54-9A1E7A4F7556}") = "LeaveManagement.Domain", "LeaveManagement.Domain\LeaveManagement.Domain.csproj", "{7CF5C8C2-FF2C-4318-9E40-463F6656815D}"
EndProject
Project("{9A19103F-16F7-4668-BE54-9A1E7A4F7556}") = "LeaveManagement.Application", "LeaveManagement.Application\LeaveManagement.Application.csproj", "{6B2032A6-DC6C-443A-8AC9-D2AE2737692A}"
EndProject
Project("{9A19103F-16F7-4668-BE54-9A1E7A4F7556}") = "LeaveManagement.Infrastructure", "Infrastructure\LeaveManagement.Infrastructure.csproj", "{3E06223D-9BBD-4C0E-8868-75E794CB5044}"
EndProject
Project("{9A19103F-16F7-4668-BE54-9A1E7A4F7556}") = "LeaveManagement.Persistence", "Persistence\LeaveManagement.Persistence.csproj", "{563A6F06-2CEC-48F7-88E6-98A119E18B00}"
EndProject
Project("{2150E333-8FDC-42A3-9474-1A3956D46DE8}") = "Api", "Api", "{D93504FC-8A23-4D23-8E37-194020C7D9DE}"
EndProject
Project("{9A19103F-16F7-4668-BE54-9A1E7A4F7556}") = "LeaveManagement.Api", "LeaveManagement.Api\LeaveManagement.Api.csproj", "{B7FB636B-76B1-4117-9F9F-F3F8263EFC49}"
EndProject
Global
	GlobalSection(SolutionConfigurationPlatforms) = preSolution
		Debug|Any CPU = Debug|Any CPU
		Release|Any CPU = Release|Any CPU
	EndGlobalSection
	GlobalSection(ProjectConfigurationPlatforms) = postSolution
		{7CF5C8C2-FF2C-4318-9E40-463F6656815D}.Debug|Any CPU.ActiveCfg = Debug|Any CPU
		{7CF5C8C2-FF2C-4318-9E40-463F6656815D}.Debug|Any CPU.Build.0 = Debug|Any CPU
		{7CF5C8C2-FF2C-4318-9E40-463F6656815D}.Release|Any CPU.ActiveCfg = Release|Any CPU
		{7CF5C8C2-FF2C-4318-9E40-463F6656815D}.Release|Any CPU.Build.0 = Release|Any CPU
		{6B2032A6-DC6C-443A-8AC9-D2AE2737692A}.Debug|Any CPU.ActiveCfg = Debug|Any CPU
		{6B2032A6-DC6C-443A-8AC9-D2AE2737692A}.Debug|Any CPU.Build.0 = Debug|Any CPU
		{6B2032A6-DC6C-443A-8AC9-D2AE2737692A}.Release|Any CPU.ActiveCfg = Release|Any CPU
		{6B2032A6-DC6C-443A-8AC9-D2AE2737692A}.Release|Any CPU.Build.0 = Release|Any CPU
		{3E06223D-9BBD-4C0E-8868-75E794CB5044}.Debug|Any CPU.ActiveCfg = Debug|Any CPU
		{3E06223D-9BBD-4C0E-8868-75E794CB5044}.Debug|Any CPU.Build.0 = Debug|Any CPU
		{3E06223D-9BBD-4C0E-8868-75E794CB5044}.Release|Any CPU.ActiveCfg = Release|Any CPU
		{3E06223D-9BBD-4C0E-8868-75E794CB5044}.Release|Any CPU.Build.0 = Release|Any CPU
		{563A6F06-2CEC-48F7-88E6-98A119E18B00}.Debug|Any CPU.ActiveCfg = Debug|Any CPU
		{563A6F06-2CEC-48F7-88E6-98A119E18B00}.Debug|Any CPU.Build.0 = Debug|Any CPU
		{563A6F06-2CEC-48F7-88E6-98A119E18B00}.Release|Any CPU.ActiveCfg = Release|Any CPU
		{563A6F06-2CEC-48F7-88E6-98A119E18B00}.Release|Any CPU.Build.0 = Release|Any CPU
		{B7FB636B-76B1-4117-9F9F-F3F8263EFC49}.Debug|Any CPU.ActiveCfg = Debug|Any CPU
		{B7FB636B-76B1-4117-9F9F-F3F8263EFC49}.Debug|Any CPU.Build.0 = Debug|Any CPU
		{B7FB636B-76B1-4117-9F9F-F3F8263EFC49}.Release|Any CPU.ActiveCfg = Release|Any CPU
		{B7FB636B-76B1-4117-9F9F-F3F8263EFC49}.Release|Any CPU.Build.0 = Release|Any CPU
	EndGlobalSection
	GlobalSection(SolutionProperties) = preSolution
		HideSolutionNode = FALSE
	EndGlobalSection
	GlobalSection(NestedProjects) = preSolution
		{7F7340E3-82EE-4709-84F1-42FFFB976668} = {8FC84021-FEA9-42BB-BB18-E8A2638A311C}
		{74E2185A-60BC-4B74-92F0-A24BA358CCE1} = {8FC84021-FEA9-42BB-BB18-E8A2638A311C}
		{D850C4F5-ACF4-4C53-80F9-4B9907E0D54B} = {8FC84021-FEA9-42BB-BB18-E8A2638A311C}
		{7CF5C8C2-FF2C-4318-9E40-463F6656815D} = {D850C4F5-ACF4-4C53-80F9-4B9907E0D54B}
		{6B2032A6-DC6C-443A-8AC9-D2AE2737692A} = {D850C4F5-ACF4-4C53-80F9-4B9907E0D54B}
		{3E06223D-9BBD-4C0E-8868-75E794CB5044} = {74E2185A-60BC-4B74-92F0-A24BA358CCE1}
		{563A6F06-2CEC-48F7-88E6-98A119E18B00} = {74E2185A-60BC-4B74-92F0-A24BA358CCE1}
		{D93504FC-8A23-4D23-8E37-194020C7D9DE} = {8FC84021-FEA9-42BB-BB18-E8A2638A311C}
		{B7FB636B-76B1-4117-9F9F-F3F8263EFC49} = {D93504FC-8A23-4D23-8E37-194020C7D9DE}
	EndGlobalSection
	GlobalSection(ExtensibilityGlobals) = postSolution
		SolutionGuid = {F1584CB0-11CE-45E3-A77D-F10CA78C463A}
	EndGlobalSection
EndGlobal
